
Microsoft Visual Studio Solution File, Format Version 12.00
# Visual Studio Version 16
VisualStudioVersion = 16.0.31702.278
MinimumVisualStudioVersion = 10.0.40219.1
Project("{FAE04EC0-301F-11D3-BF4B-00C04F79EFBC}") = "EmuSample", "EmuSample.csproj", "{D8BF202E-F246-4238-8649-F2117A158CAB}"
EndProject
Global
	GlobalSection(SolutionConfigurationPlatforms) = preSolution
		Debug|Any CPU = Debug|Any CPU
		Release|Any CPU = Release|Any CPU
	EndGlobalSection
	GlobalSection(ProjectConfigurationPlatforms) = postSolution
		{D8BF202E-F246-4238-8649-F2117A158CAB}.Debug|Any CPU.ActiveCfg = Debug|Any CPU
		{D8BF202E-F246-4238-8649-F2117A158CAB}.Debug|Any CPU.Build.0 = Debug|Any CPU
		{D8BF202E-F246-4238-8649-F2117A158CAB}.Release|Any CPU.ActiveCfg = Release|Any CPU
		{D8BF202E-F246-4238-8649-F2117A158CAB}.Release|Any CPU.Build.0 = Release|Any CPU
	EndGlobalSection
	GlobalSection(SolutionProperties) = preSolution
		HideSolutionNode = FALSE
	EndGlobalSection
	GlobalSection(ExtensibilityGlobals) = postSolution
		SolutionGuid = {B52D29B2-1EA0-444E-A792-93AB5DE39A48}
	EndGlobalSection
EndGlobal
